
Microsoft Visual Studio Solution File, Format Version 9.00
# Visual Studio 2005
Project("{8BC9CEB8-8B4A-11D0-8D11-00A0C91BC942}") = "mosquito", "mosquito\mosquito.vcproj", "{C00DDA54-C3AB-4C8F-8603-608CB7B71CDD}"
EndProject
Global
	GlobalSection(SolutionConfigurationPlatforms) = preSolution
		Debug|CE600 (ARMV4I) = Debug|CE600 (ARMV4I)
		Debug|I8MID (ARMV4I) = Debug|I8MID (ARMV4I)
		Debug|Pocket PC 2003 (ARMV4) = Debug|Pocket PC 2003 (ARMV4)
		Debug|PrimaII_EVB_CE6_SDK (ARMV4I) = Debug|PrimaII_EVB_CE6_SDK (ARMV4I)
		Release|CE600 (ARMV4I) = Release|CE600 (ARMV4I)
		Release|I8MID (ARMV4I) = Release|I8MID (ARMV4I)
		Release|Pocket PC 2003 (ARMV4) = Release|Pocket PC 2003 (ARMV4)
		Release|PrimaII_EVB_CE6_SDK (ARMV4I) = Release|PrimaII_EVB_CE6_SDK (ARMV4I)
	EndGlobalSection
	GlobalSection(ProjectConfigurationPlatforms) = postSolution
		{C00DDA54-C3AB-4C8F-8603-608CB7B71CDD}.Debug|CE600 (ARMV4I).ActiveCfg = Debug|CE600 (ARMV4I)
		{C00DDA54-C3AB-4C8F-8603-608CB7B71CDD}.Debug|CE600 (ARMV4I).Build.0 = Debug|CE600 (ARMV4I)
		{C00DDA54-C3AB-4C8F-8603-608CB7B71CDD}.Debug|CE600 (ARMV4I).Deploy.0 = Debug|CE600 (ARMV4I)
		{C00DDA54-C3AB-4C8F-8603-608CB7B71CDD}.Debug|I8MID (ARMV4I).ActiveCfg = Debug|I8MID (ARMV4I)
		{C00DDA54-C3AB-4C8F-8603-608CB7B71CDD}.Debug|I8MID (ARMV4I).Build.0 = Debug|I8MID (ARMV4I)
		{C00DDA54-C3AB-4C8F-8603-608CB7B71CDD}.Debug|I8MID (ARMV4I).Deploy.0 = Debug|I8MID (ARMV4I)
		{C00DDA54-C3AB-4C8F-8603-608CB7B71CDD}.Debug|Pocket PC 2003 (ARMV4).ActiveCfg = Debug|Pocket PC 2003 (ARMV4)
		{C00DDA54-C3AB-4C8F-8603-608CB7B71CDD}.Debug|Pocket PC 2003 (ARMV4).Build.0 = Debug|Pocket PC 2003 (ARMV4)
		{C00DDA54-C3AB-4C8F-8603-608CB7B71CDD}.Debug|Pocket PC 2003 (ARMV4).Deploy.0 = Debug|Pocket PC 2003 (ARMV4)
		{C00DDA54-C3AB-4C8F-8603-608CB7B71CDD}.Debug|PrimaII_EVB_CE6_SDK (ARMV4I).ActiveCfg = Debug|Pocket PC 2003 (ARMV4)
		{C00DDA54-C3AB-4C8F-8603-608CB7B71CDD}.Release|CE600 (ARMV4I).ActiveCfg = Release|CE600 (ARMV4I)
		{C00DDA54-C3AB-4C8F-8603-608CB7B71CDD}.Release|CE600 (ARMV4I).Build.0 = Release|CE600 (ARMV4I)
		{C00DDA54-C3AB-4C8F-8603-608CB7B71CDD}.Release|CE600 (ARMV4I).Deploy.0 = Release|CE600 (ARMV4I)
		{C00DDA54-C3AB-4C8F-8603-608CB7B71CDD}.Release|I8MID (ARMV4I).ActiveCfg = Release|I8MID (ARMV4I)
		{C00DDA54-C3AB-4C8F-8603-608CB7B71CDD}.Release|I8MID (ARMV4I).Build.0 = Release|I8MID (ARMV4I)
		{C00DDA54-C3AB-4C8F-8603-608CB7B71CDD}.Release|I8MID (ARMV4I).Deploy.0 = Release|I8MID (ARMV4I)
		{C00DDA54-C3AB-4C8F-8603-608CB7B71CDD}.Release|Pocket PC 2003 (ARMV4).ActiveCfg = Release|Pocket PC 2003 (ARMV4)
		{C00DDA54-C3AB-4C8F-8603-608CB7B71CDD}.Release|Pocket PC 2003 (ARMV4).Build.0 = Release|Pocket PC 2003 (ARMV4)
		{C00DDA54-C3AB-4C8F-8603-608CB7B71CDD}.Release|Pocket PC 2003 (ARMV4).Deploy.0 = Release|Pocket PC 2003 (ARMV4)
		{C00DDA54-C3AB-4C8F-8603-608CB7B71CDD}.Release|PrimaII_EVB_CE6_SDK (ARMV4I).ActiveCfg = Release|Pocket PC 2003 (ARMV4)
	EndGlobalSection
	GlobalSection(SolutionProperties) = preSolution
		HideSolutionNode = FALSE
	EndGlobalSection
EndGlobal
