
Microsoft Visual Studio Solution File, Format Version 9.00
# Visual Studio 2005
Project("{8BC9CEB8-8B4A-11D0-8D11-00A0C91BC942}") = "TstMfiProtocolDll", "TstMfiProtocolDll.vcproj", "{EF74ED16-CB22-4EF8-B7F7-6EE2F576BE9F}"
EndProject
Project("{8BC9CEB8-8B4A-11D0-8D11-00A0C91BC942}") = "MfiProtocolDll", "MfiProtocolDll\MfiProtocolDll.vcproj", "{4C187B71-036F-4E2B-88AB-10FC321D2A44}"
EndProject
Project("{8BC9CEB8-8B4A-11D0-8D11-00A0C91BC942}") = "MFiProtocol", "MFiProtocol\MFiProtocol.vcproj", "{FA7FE05F-F60B-4DA6-8778-905A3F858F37}"
EndProject
Global
	GlobalSection(SolutionConfigurationPlatforms) = preSolution
		Debug|CE600 (ARMV4I) = Debug|CE600 (ARMV4I)
		Debug|I8MID (ARMV4I) = Debug|I8MID (ARMV4I)
		Debug|M8SDK (ARMV4I) = Debug|M8SDK (ARMV4I)
		Debug|SDK1 (ARMV4I) = Debug|SDK1 (ARMV4I)
		Release|CE600 (ARMV4I) = Release|CE600 (ARMV4I)
		Release|I8MID (ARMV4I) = Release|I8MID (ARMV4I)
		Release|M8SDK (ARMV4I) = Release|M8SDK (ARMV4I)
		Release|SDK1 (ARMV4I) = Release|SDK1 (ARMV4I)
	EndGlobalSection
	GlobalSection(ProjectConfigurationPlatforms) = postSolution
		{EF74ED16-CB22-4EF8-B7F7-6EE2F576BE9F}.Debug|CE600 (ARMV4I).ActiveCfg = Debug|CE600 (ARMV4I)
		{EF74ED16-CB22-4EF8-B7F7-6EE2F576BE9F}.Debug|CE600 (ARMV4I).Build.0 = Debug|CE600 (ARMV4I)
		{EF74ED16-CB22-4EF8-B7F7-6EE2F576BE9F}.Debug|CE600 (ARMV4I).Deploy.0 = Debug|CE600 (ARMV4I)
		{EF74ED16-CB22-4EF8-B7F7-6EE2F576BE9F}.Debug|I8MID (ARMV4I).ActiveCfg = Debug|I8MID (ARMV4I)
		{EF74ED16-CB22-4EF8-B7F7-6EE2F576BE9F}.Debug|I8MID (ARMV4I).Build.0 = Debug|I8MID (ARMV4I)
		{EF74ED16-CB22-4EF8-B7F7-6EE2F576BE9F}.Debug|I8MID (ARMV4I).Deploy.0 = Debug|I8MID (ARMV4I)
		{EF74ED16-CB22-4EF8-B7F7-6EE2F576BE9F}.Debug|M8SDK (ARMV4I).ActiveCfg = Debug|M8SDK (ARMV4I)
		{EF74ED16-CB22-4EF8-B7F7-6EE2F576BE9F}.Debug|M8SDK (ARMV4I).Build.0 = Debug|M8SDK (ARMV4I)
		{EF74ED16-CB22-4EF8-B7F7-6EE2F576BE9F}.Debug|M8SDK (ARMV4I).Deploy.0 = Debug|M8SDK (ARMV4I)
		{EF74ED16-CB22-4EF8-B7F7-6EE2F576BE9F}.Debug|SDK1 (ARMV4I).ActiveCfg = Debug|SDK1 (ARMV4I)
		{EF74ED16-CB22-4EF8-B7F7-6EE2F576BE9F}.Debug|SDK1 (ARMV4I).Build.0 = Debug|SDK1 (ARMV4I)
		{EF74ED16-CB22-4EF8-B7F7-6EE2F576BE9F}.Debug|SDK1 (ARMV4I).Deploy.0 = Debug|SDK1 (ARMV4I)
		{EF74ED16-CB22-4EF8-B7F7-6EE2F576BE9F}.Release|CE600 (ARMV4I).ActiveCfg = Release|CE600 (ARMV4I)
		{EF74ED16-CB22-4EF8-B7F7-6EE2F576BE9F}.Release|CE600 (ARMV4I).Build.0 = Release|CE600 (ARMV4I)
		{EF74ED16-CB22-4EF8-B7F7-6EE2F576BE9F}.Release|CE600 (ARMV4I).Deploy.0 = Release|CE600 (ARMV4I)
		{EF74ED16-CB22-4EF8-B7F7-6EE2F576BE9F}.Release|I8MID (ARMV4I).ActiveCfg = Release|I8MID (ARMV4I)
		{EF74ED16-CB22-4EF8-B7F7-6EE2F576BE9F}.Release|I8MID (ARMV4I).Build.0 = Release|I8MID (ARMV4I)
		{EF74ED16-CB22-4EF8-B7F7-6EE2F576BE9F}.Release|I8MID (ARMV4I).Deploy.0 = Release|I8MID (ARMV4I)
		{EF74ED16-CB22-4EF8-B7F7-6EE2F576BE9F}.Release|M8SDK (ARMV4I).ActiveCfg = Release|M8SDK (ARMV4I)
		{EF74ED16-CB22-4EF8-B7F7-6EE2F576BE9F}.Release|M8SDK (ARMV4I).Build.0 = Release|M8SDK (ARMV4I)
		{EF74ED16-CB22-4EF8-B7F7-6EE2F576BE9F}.Release|M8SDK (ARMV4I).Deploy.0 = Release|M8SDK (ARMV4I)
		{EF74ED16-CB22-4EF8-B7F7-6EE2F576BE9F}.Release|SDK1 (ARMV4I).ActiveCfg = Release|SDK1 (ARMV4I)
		{EF74ED16-CB22-4EF8-B7F7-6EE2F576BE9F}.Release|SDK1 (ARMV4I).Build.0 = Release|SDK1 (ARMV4I)
		{EF74ED16-CB22-4EF8-B7F7-6EE2F576BE9F}.Release|SDK1 (ARMV4I).Deploy.0 = Release|SDK1 (ARMV4I)
		{4C187B71-036F-4E2B-88AB-10FC321D2A44}.Debug|CE600 (ARMV4I).ActiveCfg = Debug|CE600 (ARMV4I)
		{4C187B71-036F-4E2B-88AB-10FC321D2A44}.Debug|CE600 (ARMV4I).Build.0 = Debug|CE600 (ARMV4I)
		{4C187B71-036F-4E2B-88AB-10FC321D2A44}.Debug|CE600 (ARMV4I).Deploy.0 = Debug|CE600 (ARMV4I)
		{4C187B71-036F-4E2B-88AB-10FC321D2A44}.Debug|I8MID (ARMV4I).ActiveCfg = Debug|I8MID (ARMV4I)
		{4C187B71-036F-4E2B-88AB-10FC321D2A44}.Debug|I8MID (ARMV4I).Build.0 = Debug|I8MID (ARMV4I)
		{4C187B71-036F-4E2B-88AB-10FC321D2A44}.Debug|I8MID (ARMV4I).Deploy.0 = Debug|I8MID (ARMV4I)
		{4C187B71-036F-4E2B-88AB-10FC321D2A44}.Debug|M8SDK (ARMV4I).ActiveCfg = Debug|M8SDK (ARMV4I)
		{4C187B71-036F-4E2B-88AB-10FC321D2A44}.Debug|M8SDK (ARMV4I).Build.0 = Debug|M8SDK (ARMV4I)
		{4C187B71-036F-4E2B-88AB-10FC321D2A44}.Debug|M8SDK (ARMV4I).Deploy.0 = Debug|M8SDK (ARMV4I)
		{4C187B71-036F-4E2B-88AB-10FC321D2A44}.Debug|SDK1 (ARMV4I).ActiveCfg = Debug|M8SDK (ARMV4I)
		{4C187B71-036F-4E2B-88AB-10FC321D2A44}.Release|CE600 (ARMV4I).ActiveCfg = Release|CE600 (ARMV4I)
		{4C187B71-036F-4E2B-88AB-10FC321D2A44}.Release|CE600 (ARMV4I).Build.0 = Release|CE600 (ARMV4I)
		{4C187B71-036F-4E2B-88AB-10FC321D2A44}.Release|CE600 (ARMV4I).Deploy.0 = Release|CE600 (ARMV4I)
		{4C187B71-036F-4E2B-88AB-10FC321D2A44}.Release|I8MID (ARMV4I).ActiveCfg = Release|I8MID (ARMV4I)
		{4C187B71-036F-4E2B-88AB-10FC321D2A44}.Release|I8MID (ARMV4I).Build.0 = Release|I8MID (ARMV4I)
		{4C187B71-036F-4E2B-88AB-10FC321D2A44}.Release|I8MID (ARMV4I).Deploy.0 = Release|I8MID (ARMV4I)
		{4C187B71-036F-4E2B-88AB-10FC321D2A44}.Release|M8SDK (ARMV4I).ActiveCfg = Release|M8SDK (ARMV4I)
		{4C187B71-036F-4E2B-88AB-10FC321D2A44}.Release|M8SDK (ARMV4I).Build.0 = Release|M8SDK (ARMV4I)
		{4C187B71-036F-4E2B-88AB-10FC321D2A44}.Release|M8SDK (ARMV4I).Deploy.0 = Release|M8SDK (ARMV4I)
		{4C187B71-036F-4E2B-88AB-10FC321D2A44}.Release|SDK1 (ARMV4I).ActiveCfg = Release|M8SDK (ARMV4I)
		{FA7FE05F-F60B-4DA6-8778-905A3F858F37}.Debug|CE600 (ARMV4I).ActiveCfg = Debug|CE600 (ARMV4I)
		{FA7FE05F-F60B-4DA6-8778-905A3F858F37}.Debug|CE600 (ARMV4I).Build.0 = Debug|CE600 (ARMV4I)
		{FA7FE05F-F60B-4DA6-8778-905A3F858F37}.Debug|CE600 (ARMV4I).Deploy.0 = Debug|CE600 (ARMV4I)
		{FA7FE05F-F60B-4DA6-8778-905A3F858F37}.Debug|I8MID (ARMV4I).ActiveCfg = Debug|I8MID (ARMV4I)
		{FA7FE05F-F60B-4DA6-8778-905A3F858F37}.Debug|I8MID (ARMV4I).Build.0 = Debug|I8MID (ARMV4I)
		{FA7FE05F-F60B-4DA6-8778-905A3F858F37}.Debug|I8MID (ARMV4I).Deploy.0 = Debug|I8MID (ARMV4I)
		{FA7FE05F-F60B-4DA6-8778-905A3F858F37}.Debug|M8SDK (ARMV4I).ActiveCfg = Debug|SDK1 (ARMV4I)
		{FA7FE05F-F60B-4DA6-8778-905A3F858F37}.Debug|SDK1 (ARMV4I).ActiveCfg = Debug|SDK1 (ARMV4I)
		{FA7FE05F-F60B-4DA6-8778-905A3F858F37}.Debug|SDK1 (ARMV4I).Build.0 = Debug|SDK1 (ARMV4I)
		{FA7FE05F-F60B-4DA6-8778-905A3F858F37}.Debug|SDK1 (ARMV4I).Deploy.0 = Debug|SDK1 (ARMV4I)
		{FA7FE05F-F60B-4DA6-8778-905A3F858F37}.Release|CE600 (ARMV4I).ActiveCfg = Release|CE600 (ARMV4I)
		{FA7FE05F-F60B-4DA6-8778-905A3F858F37}.Release|CE600 (ARMV4I).Build.0 = Release|CE600 (ARMV4I)
		{FA7FE05F-F60B-4DA6-8778-905A3F858F37}.Release|CE600 (ARMV4I).Deploy.0 = Release|CE600 (ARMV4I)
		{FA7FE05F-F60B-4DA6-8778-905A3F858F37}.Release|I8MID (ARMV4I).ActiveCfg = Release|I8MID (ARMV4I)
		{FA7FE05F-F60B-4DA6-8778-905A3F858F37}.Release|I8MID (ARMV4I).Build.0 = Release|I8MID (ARMV4I)
		{FA7FE05F-F60B-4DA6-8778-905A3F858F37}.Release|I8MID (ARMV4I).Deploy.0 = Release|I8MID (ARMV4I)
		{FA7FE05F-F60B-4DA6-8778-905A3F858F37}.Release|M8SDK (ARMV4I).ActiveCfg = Release|SDK1 (ARMV4I)
		{FA7FE05F-F60B-4DA6-8778-905A3F858F37}.Release|SDK1 (ARMV4I).ActiveCfg = Release|SDK1 (ARMV4I)
		{FA7FE05F-F60B-4DA6-8778-905A3F858F37}.Release|SDK1 (ARMV4I).Build.0 = Release|SDK1 (ARMV4I)
		{FA7FE05F-F60B-4DA6-8778-905A3F858F37}.Release|SDK1 (ARMV4I).Deploy.0 = Release|SDK1 (ARMV4I)
	EndGlobalSection
	GlobalSection(SolutionProperties) = preSolution
		HideSolutionNode = FALSE
	EndGlobalSection
EndGlobal
