
Microsoft Visual Studio Solution File, Format Version 9.00
# Visual Studio 2005
Project("{8BC9CEB8-8B4A-11D0-8D11-00A0C91BC942}") = "TestUiWinAnimal", "TestUiWinAnimal.vcproj", "{508C4E73-8317-4EF1-AD71-5A784EBD50CD}"
EndProject
Global
	GlobalSection(SolutionConfigurationPlatforms) = preSolution
		Debug|CE600 (ARMV4I) = Debug|CE600 (ARMV4I)
		Debug|I8MID (ARMV4I) = Debug|I8MID (ARMV4I)
		Debug|M8SDK (ARMV4I) = Debug|M8SDK (ARMV4I)
		Release|CE600 (ARMV4I) = Release|CE600 (ARMV4I)
		Release|I8MID (ARMV4I) = Release|I8MID (ARMV4I)
		Release|M8SDK (ARMV4I) = Release|M8SDK (ARMV4I)
	EndGlobalSection
	GlobalSection(ProjectConfigurationPlatforms) = postSolution
		{508C4E73-8317-4EF1-AD71-5A784EBD50CD}.Debug|CE600 (ARMV4I).ActiveCfg = Debug|CE600 (ARMV4I)
		{508C4E73-8317-4EF1-AD71-5A784EBD50CD}.Debug|CE600 (ARMV4I).Build.0 = Debug|CE600 (ARMV4I)
		{508C4E73-8317-4EF1-AD71-5A784EBD50CD}.Debug|CE600 (ARMV4I).Deploy.0 = Debug|CE600 (ARMV4I)
		{508C4E73-8317-4EF1-AD71-5A784EBD50CD}.Debug|I8MID (ARMV4I).ActiveCfg = Debug|I8MID (ARMV4I)
		{508C4E73-8317-4EF1-AD71-5A784EBD50CD}.Debug|I8MID (ARMV4I).Build.0 = Debug|I8MID (ARMV4I)
		{508C4E73-8317-4EF1-AD71-5A784EBD50CD}.Debug|I8MID (ARMV4I).Deploy.0 = Debug|I8MID (ARMV4I)
		{508C4E73-8317-4EF1-AD71-5A784EBD50CD}.Debug|M8SDK (ARMV4I).ActiveCfg = Debug|M8SDK (ARMV4I)
		{508C4E73-8317-4EF1-AD71-5A784EBD50CD}.Debug|M8SDK (ARMV4I).Build.0 = Debug|M8SDK (ARMV4I)
		{508C4E73-8317-4EF1-AD71-5A784EBD50CD}.Debug|M8SDK (ARMV4I).Deploy.0 = Debug|M8SDK (ARMV4I)
		{508C4E73-8317-4EF1-AD71-5A784EBD50CD}.Release|CE600 (ARMV4I).ActiveCfg = Release|CE600 (ARMV4I)
		{508C4E73-8317-4EF1-AD71-5A784EBD50CD}.Release|CE600 (ARMV4I).Build.0 = Release|CE600 (ARMV4I)
		{508C4E73-8317-4EF1-AD71-5A784EBD50CD}.Release|CE600 (ARMV4I).Deploy.0 = Release|CE600 (ARMV4I)
		{508C4E73-8317-4EF1-AD71-5A784EBD50CD}.Release|I8MID (ARMV4I).ActiveCfg = Release|I8MID (ARMV4I)
		{508C4E73-8317-4EF1-AD71-5A784EBD50CD}.Release|I8MID (ARMV4I).Build.0 = Release|I8MID (ARMV4I)
		{508C4E73-8317-4EF1-AD71-5A784EBD50CD}.Release|I8MID (ARMV4I).Deploy.0 = Release|I8MID (ARMV4I)
		{508C4E73-8317-4EF1-AD71-5A784EBD50CD}.Release|M8SDK (ARMV4I).ActiveCfg = Release|M8SDK (ARMV4I)
		{508C4E73-8317-4EF1-AD71-5A784EBD50CD}.Release|M8SDK (ARMV4I).Build.0 = Release|M8SDK (ARMV4I)
		{508C4E73-8317-4EF1-AD71-5A784EBD50CD}.Release|M8SDK (ARMV4I).Deploy.0 = Release|M8SDK (ARMV4I)
	EndGlobalSection
	GlobalSection(SolutionProperties) = preSolution
		HideSolutionNode = FALSE
	EndGlobalSection
EndGlobal
