
Microsoft Visual Studio Solution File, Format Version 9.00
# Visual Studio 2005
Project("{8BC9CEB8-8B4A-11D0-8D11-00A0C91BC942}") = "ISpectrums", "ISpectrums.vcproj", "{6220CBA0-F8D5-4B2A-818F-74328EFA617C}"
EndProject
Project("{8BC9CEB8-8B4A-11D0-8D11-00A0C91BC942}") = "TestISpectrums", "TestISpectrums\TestISpectrums.vcproj", "{E76B1B94-1223-4136-B537-BD2BBB3974AD}"
EndProject
Global
	GlobalSection(SolutionConfigurationPlatforms) = preSolution
		Debug|CE600 (ARMV4I) = Debug|CE600 (ARMV4I)
		Debug|I8MID (ARMV4I) = Debug|I8MID (ARMV4I)
		Debug|M8SDK (ARMV4I) = Debug|M8SDK (ARMV4I)
		Release|CE600 (ARMV4I) = Release|CE600 (ARMV4I)
		Release|I8MID (ARMV4I) = Release|I8MID (ARMV4I)
		Release|M8SDK (ARMV4I) = Release|M8SDK (ARMV4I)
	EndGlobalSection
	GlobalSection(ProjectConfigurationPlatforms) = postSolution
		{6220CBA0-F8D5-4B2A-818F-74328EFA617C}.Debug|CE600 (ARMV4I).ActiveCfg = Debug|CE600 (ARMV4I)
		{6220CBA0-F8D5-4B2A-818F-74328EFA617C}.Debug|CE600 (ARMV4I).Build.0 = Debug|CE600 (ARMV4I)
		{6220CBA0-F8D5-4B2A-818F-74328EFA617C}.Debug|CE600 (ARMV4I).Deploy.0 = Debug|CE600 (ARMV4I)
		{6220CBA0-F8D5-4B2A-818F-74328EFA617C}.Debug|I8MID (ARMV4I).ActiveCfg = Debug|I8MID (ARMV4I)
		{6220CBA0-F8D5-4B2A-818F-74328EFA617C}.Debug|I8MID (ARMV4I).Build.0 = Debug|I8MID (ARMV4I)
		{6220CBA0-F8D5-4B2A-818F-74328EFA617C}.Debug|I8MID (ARMV4I).Deploy.0 = Debug|I8MID (ARMV4I)
		{6220CBA0-F8D5-4B2A-818F-74328EFA617C}.Debug|M8SDK (ARMV4I).ActiveCfg = Debug|M8SDK (ARMV4I)
		{6220CBA0-F8D5-4B2A-818F-74328EFA617C}.Debug|M8SDK (ARMV4I).Build.0 = Debug|M8SDK (ARMV4I)
		{6220CBA0-F8D5-4B2A-818F-74328EFA617C}.Debug|M8SDK (ARMV4I).Deploy.0 = Debug|M8SDK (ARMV4I)
		{6220CBA0-F8D5-4B2A-818F-74328EFA617C}.Release|CE600 (ARMV4I).ActiveCfg = Release|CE600 (ARMV4I)
		{6220CBA0-F8D5-4B2A-818F-74328EFA617C}.Release|CE600 (ARMV4I).Build.0 = Release|CE600 (ARMV4I)
		{6220CBA0-F8D5-4B2A-818F-74328EFA617C}.Release|CE600 (ARMV4I).Deploy.0 = Release|CE600 (ARMV4I)
		{6220CBA0-F8D5-4B2A-818F-74328EFA617C}.Release|I8MID (ARMV4I).ActiveCfg = Release|I8MID (ARMV4I)
		{6220CBA0-F8D5-4B2A-818F-74328EFA617C}.Release|I8MID (ARMV4I).Build.0 = Release|I8MID (ARMV4I)
		{6220CBA0-F8D5-4B2A-818F-74328EFA617C}.Release|I8MID (ARMV4I).Deploy.0 = Release|I8MID (ARMV4I)
		{6220CBA0-F8D5-4B2A-818F-74328EFA617C}.Release|M8SDK (ARMV4I).ActiveCfg = Release|M8SDK (ARMV4I)
		{6220CBA0-F8D5-4B2A-818F-74328EFA617C}.Release|M8SDK (ARMV4I).Build.0 = Release|M8SDK (ARMV4I)
		{6220CBA0-F8D5-4B2A-818F-74328EFA617C}.Release|M8SDK (ARMV4I).Deploy.0 = Release|M8SDK (ARMV4I)
		{E76B1B94-1223-4136-B537-BD2BBB3974AD}.Debug|CE600 (ARMV4I).ActiveCfg = Debug|CE600 (ARMV4I)
		{E76B1B94-1223-4136-B537-BD2BBB3974AD}.Debug|CE600 (ARMV4I).Build.0 = Debug|CE600 (ARMV4I)
		{E76B1B94-1223-4136-B537-BD2BBB3974AD}.Debug|CE600 (ARMV4I).Deploy.0 = Debug|CE600 (ARMV4I)
		{E76B1B94-1223-4136-B537-BD2BBB3974AD}.Debug|I8MID (ARMV4I).ActiveCfg = Debug|I8MID (ARMV4I)
		{E76B1B94-1223-4136-B537-BD2BBB3974AD}.Debug|I8MID (ARMV4I).Build.0 = Debug|I8MID (ARMV4I)
		{E76B1B94-1223-4136-B537-BD2BBB3974AD}.Debug|I8MID (ARMV4I).Deploy.0 = Debug|I8MID (ARMV4I)
		{E76B1B94-1223-4136-B537-BD2BBB3974AD}.Debug|M8SDK (ARMV4I).ActiveCfg = Debug|M8SDK (ARMV4I)
		{E76B1B94-1223-4136-B537-BD2BBB3974AD}.Debug|M8SDK (ARMV4I).Build.0 = Debug|M8SDK (ARMV4I)
		{E76B1B94-1223-4136-B537-BD2BBB3974AD}.Debug|M8SDK (ARMV4I).Deploy.0 = Debug|M8SDK (ARMV4I)
		{E76B1B94-1223-4136-B537-BD2BBB3974AD}.Release|CE600 (ARMV4I).ActiveCfg = Release|CE600 (ARMV4I)
		{E76B1B94-1223-4136-B537-BD2BBB3974AD}.Release|CE600 (ARMV4I).Build.0 = Release|CE600 (ARMV4I)
		{E76B1B94-1223-4136-B537-BD2BBB3974AD}.Release|CE600 (ARMV4I).Deploy.0 = Release|CE600 (ARMV4I)
		{E76B1B94-1223-4136-B537-BD2BBB3974AD}.Release|I8MID (ARMV4I).ActiveCfg = Release|I8MID (ARMV4I)
		{E76B1B94-1223-4136-B537-BD2BBB3974AD}.Release|I8MID (ARMV4I).Build.0 = Release|I8MID (ARMV4I)
		{E76B1B94-1223-4136-B537-BD2BBB3974AD}.Release|I8MID (ARMV4I).Deploy.0 = Release|I8MID (ARMV4I)
		{E76B1B94-1223-4136-B537-BD2BBB3974AD}.Release|M8SDK (ARMV4I).ActiveCfg = Release|M8SDK (ARMV4I)
		{E76B1B94-1223-4136-B537-BD2BBB3974AD}.Release|M8SDK (ARMV4I).Build.0 = Release|M8SDK (ARMV4I)
		{E76B1B94-1223-4136-B537-BD2BBB3974AD}.Release|M8SDK (ARMV4I).Deploy.0 = Release|M8SDK (ARMV4I)
	EndGlobalSection
	GlobalSection(SolutionProperties) = preSolution
		HideSolutionNode = FALSE
	EndGlobalSection
EndGlobal
