
Microsoft Visual Studio Solution File, Format Version 9.00
# Visual Studio 2005
Project("{8BC9CEB8-8B4A-11D0-8D11-00A0C91BC942}") = "TstCloseMessage", "TstCloseMessage.vcproj", "{85B41560-2465-4E44-B6E5-04D60AA0DA35}"
EndProject
Global
	GlobalSection(SolutionConfigurationPlatforms) = preSolution
		Debug|CE600 (ARMV4I) = Debug|CE600 (ARMV4I)
		Debug|I8MID (ARMV4I) = Debug|I8MID (ARMV4I)
		Debug|STANDARD_CE6_SDK (ARMV4I) = Debug|STANDARD_CE6_SDK (ARMV4I)
		Release|CE600 (ARMV4I) = Release|CE600 (ARMV4I)
		Release|I8MID (ARMV4I) = Release|I8MID (ARMV4I)
		Release|STANDARD_CE6_SDK (ARMV4I) = Release|STANDARD_CE6_SDK (ARMV4I)
	EndGlobalSection
	GlobalSection(ProjectConfigurationPlatforms) = postSolution
		{85B41560-2465-4E44-B6E5-04D60AA0DA35}.Debug|CE600 (ARMV4I).ActiveCfg = Debug|CE600 (ARMV4I)
		{85B41560-2465-4E44-B6E5-04D60AA0DA35}.Debug|CE600 (ARMV4I).Build.0 = Debug|CE600 (ARMV4I)
		{85B41560-2465-4E44-B6E5-04D60AA0DA35}.Debug|CE600 (ARMV4I).Deploy.0 = Debug|CE600 (ARMV4I)
		{85B41560-2465-4E44-B6E5-04D60AA0DA35}.Debug|I8MID (ARMV4I).ActiveCfg = Debug|I8MID (ARMV4I)
		{85B41560-2465-4E44-B6E5-04D60AA0DA35}.Debug|I8MID (ARMV4I).Build.0 = Debug|I8MID (ARMV4I)
		{85B41560-2465-4E44-B6E5-04D60AA0DA35}.Debug|I8MID (ARMV4I).Deploy.0 = Debug|I8MID (ARMV4I)
		{85B41560-2465-4E44-B6E5-04D60AA0DA35}.Debug|STANDARD_CE6_SDK (ARMV4I).ActiveCfg = Debug|STANDARD_CE6_SDK (ARMV4I)
		{85B41560-2465-4E44-B6E5-04D60AA0DA35}.Debug|STANDARD_CE6_SDK (ARMV4I).Build.0 = Debug|STANDARD_CE6_SDK (ARMV4I)
		{85B41560-2465-4E44-B6E5-04D60AA0DA35}.Debug|STANDARD_CE6_SDK (ARMV4I).Deploy.0 = Debug|STANDARD_CE6_SDK (ARMV4I)
		{85B41560-2465-4E44-B6E5-04D60AA0DA35}.Release|CE600 (ARMV4I).ActiveCfg = Release|CE600 (ARMV4I)
		{85B41560-2465-4E44-B6E5-04D60AA0DA35}.Release|CE600 (ARMV4I).Build.0 = Release|CE600 (ARMV4I)
		{85B41560-2465-4E44-B6E5-04D60AA0DA35}.Release|CE600 (ARMV4I).Deploy.0 = Release|CE600 (ARMV4I)
		{85B41560-2465-4E44-B6E5-04D60AA0DA35}.Release|I8MID (ARMV4I).ActiveCfg = Release|I8MID (ARMV4I)
		{85B41560-2465-4E44-B6E5-04D60AA0DA35}.Release|I8MID (ARMV4I).Build.0 = Release|I8MID (ARMV4I)
		{85B41560-2465-4E44-B6E5-04D60AA0DA35}.Release|I8MID (ARMV4I).Deploy.0 = Release|I8MID (ARMV4I)
		{85B41560-2465-4E44-B6E5-04D60AA0DA35}.Release|STANDARD_CE6_SDK (ARMV4I).ActiveCfg = Release|STANDARD_CE6_SDK (ARMV4I)
		{85B41560-2465-4E44-B6E5-04D60AA0DA35}.Release|STANDARD_CE6_SDK (ARMV4I).Build.0 = Release|STANDARD_CE6_SDK (ARMV4I)
		{85B41560-2465-4E44-B6E5-04D60AA0DA35}.Release|STANDARD_CE6_SDK (ARMV4I).Deploy.0 = Release|STANDARD_CE6_SDK (ARMV4I)
	EndGlobalSection
	GlobalSection(SolutionProperties) = preSolution
		HideSolutionNode = FALSE
	EndGlobalSection
EndGlobal
